
Microsoft Visual Studio Solution File, Format Version 12.00
# Visual Studio Version 17
VisualStudioVersion = 17.10.34928.147
MinimumVisualStudioVersion = 10.0.40219.1
Project("{FAE04EC0-301F-11D3-BF4B-00C04F79EFBC}") = "ReviewOrders", "ReviewOrders\ReviewOrders.csproj", "{20C0A50D-ED69-4DB8-ADAB-E8C8FD969035}"
EndProject
Global
	GlobalSection(SolutionConfigurationPlatforms) = preSolution
		Debug|Any CPU = Debug|Any CPU
		Release|Any CPU = Release|Any CPU
	EndGlobalSection
	GlobalSection(ProjectConfigurationPlatforms) = postSolution
		{20C0A50D-ED69-4DB8-ADAB-E8C8FD969035}.Debug|Any CPU.ActiveCfg = Debug|Any CPU
		{20C0A50D-ED69-4DB8-ADAB-E8C8FD969035}.Debug|Any CPU.Build.0 = Debug|Any CPU
		{20C0A50D-ED69-4DB8-ADAB-E8C8FD969035}.Release|Any CPU.ActiveCfg = Release|Any CPU
		{20C0A50D-ED69-4DB8-ADAB-E8C8FD969035}.Release|Any CPU.Build.0 = Release|Any CPU
	EndGlobalSection
	GlobalSection(SolutionProperties) = preSolution
		HideSolutionNode = FALSE
	EndGlobalSection
	GlobalSection(ExtensibilityGlobals) = postSolution
		SolutionGuid = {68A53700-651F-454E-8828-E31CE9F221B6}
	EndGlobalSection
EndGlobal
